
Microsoft Visual Studio Solution File, Format Version 12.00
# Visual Studio Version 16
VisualStudioVersion = 16.0.31515.178
MinimumVisualStudioVersion = 10.0.40219.1
Project("{FAE04EC0-301F-11D3-BF4B-00C04F79EFBC}") = "SqrIsRectangle", "SqrIsRectangle\SqrIsRectangle.csproj", "{D7C26361-43A4-460B-B38B-5A761FD7C91E}"
EndProject
Global
	GlobalSection(SolutionConfigurationPlatforms) = preSolution
		Debug|Any CPU = Debug|Any CPU
		Release|Any CPU = Release|Any CPU
	EndGlobalSection
	GlobalSection(ProjectConfigurationPlatforms) = postSolution
		{D7C26361-43A4-460B-B38B-5A761FD7C91E}.Debug|Any CPU.ActiveCfg = Debug|Any CPU
		{D7C26361-43A4-460B-B38B-5A761FD7C91E}.Debug|Any CPU.Build.0 = Debug|Any CPU
		{D7C26361-43A4-460B-B38B-5A761FD7C91E}.Release|Any CPU.ActiveCfg = Release|Any CPU
		{D7C26361-43A4-460B-B38B-5A761FD7C91E}.Release|Any CPU.Build.0 = Release|Any CPU
	EndGlobalSection
	GlobalSection(SolutionProperties) = preSolution
		HideSolutionNode = FALSE
	EndGlobalSection
	GlobalSection(ExtensibilityGlobals) = postSolution
		SolutionGuid = {6D49DFEE-FB48-496E-A451-8E7357CC6EC5}
	EndGlobalSection
EndGlobal
